
Microsoft Visual Studio Solution File, Format Version 12.00
# Visual Studio Version 17
VisualStudioVersion = 17.0.31903.59
MinimumVisualStudioVersion = 10.0.40219.1
Project("{9A19103F-16F7-4668-BE54-9A1E7A4F7556}") = "WebApi", "WebApi\WebApi.csproj", "{60866FBC-AD06-40EE-A108-D3A052F2EC0E}"
EndProject
Project("{9A19103F-16F7-4668-BE54-9A1E7A4F7556}") = "Entities", "Entities\Entities.csproj", "{E724C9D1-8ECB-4A03-A3BA-6A5D82345BC3}"
EndProject
Project("{9A19103F-16F7-4668-BE54-9A1E7A4F7556}") = "Repositories", "Repositories\Repositories.csproj", "{FA7E71D7-3E09-4800-90F6-4C7CA91B2201}"
EndProject
Project("{FAE04EC0-301F-11D3-BF4B-00C04F79EFBC}") = "Services", "Services\Services.csproj", "{6146A2F2-BDA8-40F2-A3F2-2E649FF38333}"
EndProject
Project("{FAE04EC0-301F-11D3-BF4B-00C04F79EFBC}") = "Presentation", "Presentation\Presentation.csproj", "{8485745B-E7F8-4E53-9E8B-0C04E5D9E54C}"
EndProject
Global
	GlobalSection(SolutionConfigurationPlatforms) = preSolution
		Debug|Any CPU = Debug|Any CPU
		Release|Any CPU = Release|Any CPU
	EndGlobalSection
	GlobalSection(ProjectConfigurationPlatforms) = postSolution
		{60866FBC-AD06-40EE-A108-D3A052F2EC0E}.Debug|Any CPU.ActiveCfg = Debug|Any CPU
		{60866FBC-AD06-40EE-A108-D3A052F2EC0E}.Debug|Any CPU.Build.0 = Debug|Any CPU
		{60866FBC-AD06-40EE-A108-D3A052F2EC0E}.Release|Any CPU.ActiveCfg = Release|Any CPU
		{60866FBC-AD06-40EE-A108-D3A052F2EC0E}.Release|Any CPU.Build.0 = Release|Any CPU
		{E724C9D1-8ECB-4A03-A3BA-6A5D82345BC3}.Debug|Any CPU.ActiveCfg = Debug|Any CPU
		{E724C9D1-8ECB-4A03-A3BA-6A5D82345BC3}.Debug|Any CPU.Build.0 = Debug|Any CPU
		{E724C9D1-8ECB-4A03-A3BA-6A5D82345BC3}.Release|Any CPU.ActiveCfg = Release|Any CPU
		{E724C9D1-8ECB-4A03-A3BA-6A5D82345BC3}.Release|Any CPU.Build.0 = Release|Any CPU
		{FA7E71D7-3E09-4800-90F6-4C7CA91B2201}.Debug|Any CPU.ActiveCfg = Debug|Any CPU
		{FA7E71D7-3E09-4800-90F6-4C7CA91B2201}.Debug|Any CPU.Build.0 = Debug|Any CPU
		{FA7E71D7-3E09-4800-90F6-4C7CA91B2201}.Release|Any CPU.ActiveCfg = Release|Any CPU
		{FA7E71D7-3E09-4800-90F6-4C7CA91B2201}.Release|Any CPU.Build.0 = Release|Any CPU
		{6146A2F2-BDA8-40F2-A3F2-2E649FF38333}.Debug|Any CPU.ActiveCfg = Debug|Any CPU
		{6146A2F2-BDA8-40F2-A3F2-2E649FF38333}.Debug|Any CPU.Build.0 = Debug|Any CPU
		{6146A2F2-BDA8-40F2-A3F2-2E649FF38333}.Release|Any CPU.ActiveCfg = Release|Any CPU
		{6146A2F2-BDA8-40F2-A3F2-2E649FF38333}.Release|Any CPU.Build.0 = Release|Any CPU
		{8485745B-E7F8-4E53-9E8B-0C04E5D9E54C}.Debug|Any CPU.ActiveCfg = Debug|Any CPU
		{8485745B-E7F8-4E53-9E8B-0C04E5D9E54C}.Debug|Any CPU.Build.0 = Debug|Any CPU
		{8485745B-E7F8-4E53-9E8B-0C04E5D9E54C}.Release|Any CPU.ActiveCfg = Release|Any CPU
		{8485745B-E7F8-4E53-9E8B-0C04E5D9E54C}.Release|Any CPU.Build.0 = Release|Any CPU
	EndGlobalSection
	GlobalSection(SolutionProperties) = preSolution
		HideSolutionNode = FALSE
	EndGlobalSection
	GlobalSection(ExtensibilityGlobals) = postSolution
		SolutionGuid = {8723A035-8A48-416D-9702-F6F1F7C770E2}
	EndGlobalSection
EndGlobal
